github.com/nunocoracao/blowfish/v2 v2.97.0 h1:ofFBkTQKFDnM5/XVLReuJ6KPzLQFwscEg0dYEebWXvw=
github.com/nunocoracao/blowfish/v2 v2.97.0/go.mod h1:4SkMc+Ht8gpQCwArqiHMBDP3soxi2OWuAhVney+cuyk=
github.com/tamada/hugo_theme_mod v0.0.0-20260208061658-30eb80995452 h1:/7cT/INXFtsoRrN75SJhc9n6W6rEudQ+La1qGPgrqys=
github.com/tamada/hugo_theme_mod v0.0.0-20260208061658-30eb80995452/go.mod h1:9X6na3BQHPMbdY85ViJZuM6OxnPEjQ/073zT26mDZKc=
github.com/tamada/hugo_theme_mod v0.0.0-20260208131551-e79b48e893b0 h1:OTtuQS7gylVv92E2u+y96K1v5V9YynfgtbR+xV6ge+E=
github.com/tamada/hugo_theme_mod v0.0.0-20260208131551-e79b48e893b0/go.mod h1:9X6na3BQHPMbdY85ViJZuM6OxnPEjQ/073zT26mDZKc=
github.com/tamada/hugo_theme_mod v0.0.0-20260208132120-44297341faa9 h1:3svU6ZhS6j6vsdlSdvPoRWx+pwlZgsDNPU/9Eit58BQ=
github.com/tamada/hugo_theme_mod v0.0.0-20260208132120-44297341faa9/go.mod h1:9X6na3BQHPMbdY85ViJZuM6OxnPEjQ/073zT26mDZKc=
github.com/tamada/hugo_theme_mod v0.0.0-20260208132439-3cd77d558f4a h1:0roWp/IZfPQs8Ad1Ad9HD0HFfOFg6MIJAgsHahf2A04=
github.com/tamada/hugo_theme_mod v0.0.0-20260208132439-3cd77d558f4a/go.mod h1:9X6na3BQHPMbdY85ViJZuM6OxnPEjQ/073zT26mDZKc=
