github.com/nunocoracao/blowfish/v2 v2.97.0 h1:ofFBkTQKFDnM5/XVLReuJ6KPzLQFwscEg0dYEebWXvw=
github.com/nunocoracao/blowfish/v2 v2.97.0/go.mod h1:4SkMc+Ht8gpQCwArqiHMBDP3soxi2OWuAhVney+cuyk=
github.com/tamada/hugo_theme_mod v0.0.0-20260208061658-30eb80995452 h1:/7cT/INXFtsoRrN75SJhc9n6W6rEudQ+La1qGPgrqys=
github.com/tamada/hugo_theme_mod v0.0.0-20260208061658-30eb80995452/go.mod h1:9X6na3BQHPMbdY85ViJZuM6OxnPEjQ/073zT26mDZKc=
